
Microsoft Visual Studio Solution File, Format Version 12.00
# Visual Studio Version 17
VisualStudioVersion = 17.2.32602.215
MinimumVisualStudioVersion = 10.0.40219.1
Project("{FAE04EC0-301F-11D3-BF4B-00C04F79EFBC}") = "LinkedListPracticeProblem", "LinkedListPracticeProblem\LinkedListPracticeProblem.csproj", "{2C452691-AE47-48A6-8689-F25400B4D4CD}"
EndProject
Global
	GlobalSection(SolutionConfigurationPlatforms) = preSolution
		Debug|Any CPU = Debug|Any CPU
		Release|Any CPU = Release|Any CPU
	EndGlobalSection
	GlobalSection(ProjectConfigurationPlatforms) = postSolution
		{2C452691-AE47-48A6-8689-F25400B4D4CD}.Debug|Any CPU.ActiveCfg = Debug|Any CPU
		{2C452691-AE47-48A6-8689-F25400B4D4CD}.Debug|Any CPU.Build.0 = Debug|Any CPU
		{2C452691-AE47-48A6-8689-F25400B4D4CD}.Release|Any CPU.ActiveCfg = Release|Any CPU
		{2C452691-AE47-48A6-8689-F25400B4D4CD}.Release|Any CPU.Build.0 = Release|Any CPU
	EndGlobalSection
	GlobalSection(SolutionProperties) = preSolution
		HideSolutionNode = FALSE
	EndGlobalSection
	GlobalSection(ExtensibilityGlobals) = postSolution
		SolutionGuid = {8AB27AC0-2616-4113-AAA2-87DBC6E0949D}
	EndGlobalSection
EndGlobal
